
Microsoft Visual Studio Solution File, Format Version 12.00
# Visual Studio 2013
VisualStudioVersion = 12.0.31101.0
MinimumVisualStudioVersion = 10.0.40219.1
Project("{FAE04EC0-301F-11D3-BF4B-00C04F79EFBC}") = "Sitecore.Configuration.Roles", "Sitecore.Configuration.Roles\Sitecore.Configuration.Roles.csproj", "{6A31C120-8BA2-42A3-9C9B-4D40B626EC3A}"
EndProject
Project("{FAE04EC0-301F-11D3-BF4B-00C04F79EFBC}") = "Website", "Website\Website.csproj", "{49BBC913-7962-4251-9FD2-04B1FD25C6B9}"
EndProject
Global
	GlobalSection(SolutionConfigurationPlatforms) = preSolution
		Debug|Any CPU = Debug|Any CPU
		Release|Any CPU = Release|Any CPU
	EndGlobalSection
	GlobalSection(ProjectConfigurationPlatforms) = postSolution
		{6A31C120-8BA2-42A3-9C9B-4D40B626EC3A}.Debug|Any CPU.ActiveCfg = Debug|Any CPU
		{6A31C120-8BA2-42A3-9C9B-4D40B626EC3A}.Debug|Any CPU.Build.0 = Debug|Any CPU
		{6A31C120-8BA2-42A3-9C9B-4D40B626EC3A}.Release|Any CPU.ActiveCfg = Release|Any CPU
		{6A31C120-8BA2-42A3-9C9B-4D40B626EC3A}.Release|Any CPU.Build.0 = Release|Any CPU
		{49BBC913-7962-4251-9FD2-04B1FD25C6B9}.Debug|Any CPU.ActiveCfg = Debug|Any CPU
		{49BBC913-7962-4251-9FD2-04B1FD25C6B9}.Debug|Any CPU.Build.0 = Debug|Any CPU
		{49BBC913-7962-4251-9FD2-04B1FD25C6B9}.Release|Any CPU.ActiveCfg = Release|Any CPU
		{49BBC913-7962-4251-9FD2-04B1FD25C6B9}.Release|Any CPU.Build.0 = Release|Any CPU
	EndGlobalSection
	GlobalSection(SolutionProperties) = preSolution
		HideSolutionNode = FALSE
	EndGlobalSection
EndGlobal
